# Generated by buf. DO NOT EDIT.
version: v1
deps:
  - remote: buf.build
    owner: astria
    repository: primitives
    commit: eeebd3decdce4cdcb48fd77db5d371bb
    digest: shake256:cb517010fe624dcf1a440c82f078c5c899db2eb72b6666a8e4eee02297ccdd2bba9d8478757ef4d9d5835f4282d94c6446c5c9830020872dea91f05f13243e66
  - remote: buf.build
    owner: astria
    repository: protocol-apis
    commit: 24fb462736354ed7966ee93607cebe20
    digest: shake256:317b6eb6c9bbe6449b26ea31947d4ba9c3fdf72b74005c3550c698a6dba7081a29ed9aa0d797eddffe22ed5f574459b8e8c045b12ab66ffbff8f3de1bb6a6ffd
